
Microsoft Visual Studio Solution File, Format Version 12.00
# Visual Studio Version 17
VisualStudioVersion = 17.6.33829.357
MinimumVisualStudioVersion = 10.0.40219.1
Project("{FAE04EC0-301F-11D3-BF4B-00C04F79EFBC}") = "WSConvertisseur", "WSConvertisseur\WSConvertisseur.csproj", "{7A70FDB7-B048-474C-8FB7-E13139C44B68}"
EndProject
Project("{FAE04EC0-301F-11D3-BF4B-00C04F79EFBC}") = "WSConvertisseurTests", "WSConvertisseurTests\WSConvertisseurTests.csproj", "{222667C2-B693-43FA-8408-61A0825D907E}"
EndProject
Global
	GlobalSection(SolutionConfigurationPlatforms) = preSolution
		Debug|Any CPU = Debug|Any CPU
		Release|Any CPU = Release|Any CPU
	EndGlobalSection
	GlobalSection(ProjectConfigurationPlatforms) = postSolution
		{7A70FDB7-B048-474C-8FB7-E13139C44B68}.Debug|Any CPU.ActiveCfg = Debug|Any CPU
		{7A70FDB7-B048-474C-8FB7-E13139C44B68}.Debug|Any CPU.Build.0 = Debug|Any CPU
		{7A70FDB7-B048-474C-8FB7-E13139C44B68}.Release|Any CPU.ActiveCfg = Release|Any CPU
		{7A70FDB7-B048-474C-8FB7-E13139C44B68}.Release|Any CPU.Build.0 = Release|Any CPU
		{222667C2-B693-43FA-8408-61A0825D907E}.Debug|Any CPU.ActiveCfg = Debug|Any CPU
		{222667C2-B693-43FA-8408-61A0825D907E}.Debug|Any CPU.Build.0 = Debug|Any CPU
		{222667C2-B693-43FA-8408-61A0825D907E}.Release|Any CPU.ActiveCfg = Release|Any CPU
		{222667C2-B693-43FA-8408-61A0825D907E}.Release|Any CPU.Build.0 = Release|Any CPU
	EndGlobalSection
	GlobalSection(SolutionProperties) = preSolution
		HideSolutionNode = FALSE
	EndGlobalSection
	GlobalSection(ExtensibilityGlobals) = postSolution
		SolutionGuid = {9398D534-B9FF-44E9-8224-CD14ACDEDFB2}
	EndGlobalSection
EndGlobal
